
Microsoft Visual Studio Solution File, Format Version 12.00
# Visual Studio Version 16
VisualStudioVersion = 16.0.31729.503
MinimumVisualStudioVersion = 10.0.40219.1
Project("{FAE04EC0-301F-11D3-BF4B-00C04F79EFBC}") = "Konverzija-DrugiPokusaj", "Konverzija-DrugiPokusaj.csproj", "{AD36AFFB-1DF0-4856-84E1-3EC759BAE4CC}"
EndProject
Global
	GlobalSection(SolutionConfigurationPlatforms) = preSolution
		Debug|Any CPU = Debug|Any CPU
		Release|Any CPU = Release|Any CPU
	EndGlobalSection
	GlobalSection(ProjectConfigurationPlatforms) = postSolution
		{AD36AFFB-1DF0-4856-84E1-3EC759BAE4CC}.Debug|Any CPU.ActiveCfg = Debug|Any CPU
		{AD36AFFB-1DF0-4856-84E1-3EC759BAE4CC}.Debug|Any CPU.Build.0 = Debug|Any CPU
		{AD36AFFB-1DF0-4856-84E1-3EC759BAE4CC}.Release|Any CPU.ActiveCfg = Release|Any CPU
		{AD36AFFB-1DF0-4856-84E1-3EC759BAE4CC}.Release|Any CPU.Build.0 = Release|Any CPU
	EndGlobalSection
	GlobalSection(SolutionProperties) = preSolution
		HideSolutionNode = FALSE
	EndGlobalSection
	GlobalSection(ExtensibilityGlobals) = postSolution
		SolutionGuid = {747FDE7D-2D6A-4ACE-8BF7-F6B55D8F5CF0}
	EndGlobalSection
EndGlobal
